
Microsoft Visual Studio Solution File, Format Version 12.00
# Visual Studio 15
VisualStudioVersion = 15.0.27004.2006
MinimumVisualStudioVersion = 10.0.40219.1
Project("{FAE04EC0-301F-11D3-BF4B-00C04F79EFBC}") = "WindowsFormsApp1", "WindowsFormsApp1\WindowsFormsApp1.csproj", "{634E7BF4-A260-4676-A443-D6DA2F163389}"
EndProject
Global
	GlobalSection(SolutionConfigurationPlatforms) = preSolution
		Debug|Any CPU = Debug|Any CPU
		Release|Any CPU = Release|Any CPU
	EndGlobalSection
	GlobalSection(ProjectConfigurationPlatforms) = postSolution
		{634E7BF4-A260-4676-A443-D6DA2F163389}.Debug|Any CPU.ActiveCfg = Debug|Any CPU
		{634E7BF4-A260-4676-A443-D6DA2F163389}.Debug|Any CPU.Build.0 = Debug|Any CPU
		{634E7BF4-A260-4676-A443-D6DA2F163389}.Release|Any CPU.ActiveCfg = Release|Any CPU
		{634E7BF4-A260-4676-A443-D6DA2F163389}.Release|Any CPU.Build.0 = Release|Any CPU
	EndGlobalSection
	GlobalSection(SolutionProperties) = preSolution
		HideSolutionNode = FALSE
	EndGlobalSection
	GlobalSection(ExtensibilityGlobals) = postSolution
		SolutionGuid = {B3383D72-0747-431E-9BC3-01936349D9D5}
	EndGlobalSection
EndGlobal
